
Microsoft Visual Studio Solution File, Format Version 12.00
# Visual Studio 15
VisualStudioVersion = 15.0.27428.2015
MinimumVisualStudioVersion = 10.0.40219.1
Project("{FAE04EC0-301F-11D3-BF4B-00C04F79EFBC}") = "eCommerceSite", "eCommerceSite\eCommerceSite.csproj", "{FC27EB9A-EF3D-4801-A8A4-75F9AACC2447}"
EndProject
Global
	GlobalSection(SolutionConfigurationPlatforms) = preSolution
		Debug|Any CPU = Debug|Any CPU
		Release|Any CPU = Release|Any CPU
	EndGlobalSection
	GlobalSection(ProjectConfigurationPlatforms) = postSolution
		{FC27EB9A-EF3D-4801-A8A4-75F9AACC2447}.Debug|Any CPU.ActiveCfg = Debug|Any CPU
		{FC27EB9A-EF3D-4801-A8A4-75F9AACC2447}.Debug|Any CPU.Build.0 = Debug|Any CPU
		{FC27EB9A-EF3D-4801-A8A4-75F9AACC2447}.Release|Any CPU.ActiveCfg = Release|Any CPU
		{FC27EB9A-EF3D-4801-A8A4-75F9AACC2447}.Release|Any CPU.Build.0 = Release|Any CPU
	EndGlobalSection
	GlobalSection(SolutionProperties) = preSolution
		HideSolutionNode = FALSE
	EndGlobalSection
	GlobalSection(ExtensibilityGlobals) = postSolution
		SolutionGuid = {FCF0359D-2125-427E-941C-27D3FCAF4F90}
	EndGlobalSection
EndGlobal
